
Microsoft Visual Studio Solution File, Format Version 12.00
# Visual Studio Version 17
VisualStudioVersion = 17.10.34916.146
MinimumVisualStudioVersion = 10.0.40219.1
Project("{FAE04EC0-301F-11D3-BF4B-00C04F79EFBC}") = "Hello WindownForm", "Hello WindownForm\Hello WindownForm.csproj", "{9304457D-9E5A-4BD8-9A63-1D4F1A4376A1}"
EndProject
Global
	GlobalSection(SolutionConfigurationPlatforms) = preSolution
		Debug|Any CPU = Debug|Any CPU
		Release|Any CPU = Release|Any CPU
	EndGlobalSection
	GlobalSection(ProjectConfigurationPlatforms) = postSolution
		{9304457D-9E5A-4BD8-9A63-1D4F1A4376A1}.Debug|Any CPU.ActiveCfg = Debug|Any CPU
		{9304457D-9E5A-4BD8-9A63-1D4F1A4376A1}.Debug|Any CPU.Build.0 = Debug|Any CPU
		{9304457D-9E5A-4BD8-9A63-1D4F1A4376A1}.Release|Any CPU.ActiveCfg = Release|Any CPU
		{9304457D-9E5A-4BD8-9A63-1D4F1A4376A1}.Release|Any CPU.Build.0 = Release|Any CPU
	EndGlobalSection
	GlobalSection(SolutionProperties) = preSolution
		HideSolutionNode = FALSE
	EndGlobalSection
	GlobalSection(ExtensibilityGlobals) = postSolution
		SolutionGuid = {BD307BDD-695B-42CE-9A54-317B2CFB548D}
	EndGlobalSection
EndGlobal
